// !$*UTF8*$!
{
	archiveVersion = 1;
	classes = {
	};
	objectVersion = 46;
	objects = {

/* Begin PBXBuildFile section */
		BB01958D1BD29C0B00058A56 /* Minecraft.ttf in Resources */ = {isa = PBXBuildFile; fileRef = BB01958C1BD29C0B00058A56 /* Minecraft.ttf */; settings = {ASSET_TAGS = (); }; };
		BB01958F1BD2A87A00058A56 /* btn.wav in Resources */ = {isa = PBXBuildFile; fileRef = BB01958E1BD2A87A00058A56 /* btn.wav */; settings = {ASSET_TAGS = (); }; };
		BBBDBE4E1BD5E80500D642C5 /* clear.wav in Resources */ = {isa = PBXBuildFile; fileRef = BBBDBE4D1BD5E80500D642C5 /* clear.wav */; settings = {ASSET_TAGS = (); }; };
		BBBDBE501BD5E80D00D642C5 /* oper.wav in Resources */ = {isa = PBXBuildFile; fileRef = BBBDBE4F1BD5E80D00D642C5 /* oper.wav */; settings = {ASSET_TAGS = (); }; };
		BBD83FFA1BD095D300277A0D /* AppDelegate.swift in Sources */ = {isa = PBXBuildFile; fileRef = BBD83FF91BD095D300277A0D /* AppDelegate.swift */; };
		BBD83FFC1BD095D300277A0D /* ViewController.swift in Sources */ = {isa = PBXBuildFile; fileRef = BBD83FFB1BD095D300277A0D /* ViewController.swift */; };
		BBD83FFF1BD095D300277A0D /* Main.storyboard in Resources */ = {isa = PBXBuildFile; fileRef = BBD83FFD1BD095D300277A0D /* Main.storyboard */; };
		BBD840011BD095D300277A0D /* Assets.xcassets in Resources */ = {isa = PBXBuildFile; fileRef = BBD840001BD095D300277A0D /* Assets.xcassets */; };
		BBD840041BD095D300277A0D /* LaunchScreen.storyboard in Resources */ = {isa = PBXBuildFile; fileRef = BBD840021BD095D300277A0D /* LaunchScreen.storyboard */; };
/* End PBXBuildFile section */

/* Begin PBXFileReference section */
		BB01958C1BD29C0B00058A56 /* Minecraft.ttf */ = {isa = PBXFileReference; lastKnownFileType = file; path = Minecraft.ttf; sourceTree = "<group>"; };
		BB01958E1BD2A87A00058A56 /* btn.wav */ = {isa = PBXFileReference; lastKnownFileType = audio.wav; path = btn.wav; sourceTree = "<group>"; };
		BBBDBE4D1BD5E80500D642C5 /* clear.wav */ = {isa = PBXFileReference; lastKnownFileType = audio.wav; path = clear.wav; sourceTree = "<group>"; };
		BBBDBE4F1BD5E80D00D642C5 /* oper.wav */ = {isa = PBXFileReference; lastKnownFileType = audio.wav; path = oper.wav; sourceTree = "<group>"; };
		BBD83FF61BD095D200277A0D /* retro-calculator.app */ = {isa = PBXFileReference; explicitFileType = wrapper.application; includeInIndex = 0; path = "retro-calculator.app"; sourceTree = BUILT_PRODUCTS_DIR; };
		BBD83FF91BD095D300277A0D /* AppDelegate.swift */ = {isa = PBXFileReference; lastKnownFileType = sourcecode.swift; path = AppDelegate.swift; sourceTree = "<group>"; };
		BBD83FFB1BD095D300277A0D /* ViewController.swift */ = {isa = PBXFileReference; lastKnownFileType = sourcecode.swift; path = ViewController.swift; sourceTree = "<group>"; };
		BBD83FFE1BD095D300277A0D /* Base */ = {isa = PBXFileReference; lastKnownFileType = file.storyboard; name = Base; path = Base.lproj/Main.storyboard; sourceTree = "<group>"; };
		BBD840001BD095D300277A0D /* Assets.xcassets */ = {isa = PBXFileReference; lastKnownFileType = folder.assetcatalog; path = Assets.xcassets; sourceTree = "<group>"; };
		BBD840031BD095D300277A0D /* Base */ = {isa = PBXFileReference; lastKnownFileType = file.storyboard; name = Base; path = Base.lproj/LaunchScreen.storyboard; sourceTree = "<group>"; };
		BBD840051BD095D300277A0D /* Info.plist */ = {isa = PBXFileReference; lastKnownFileType = text.plist.xml; path = Info.plist; sourceTree = "<group>"; };
/* End PBXFileReference section */

/* Begin PBXFrameworksBuildPhase section */
		BBD83FF31BD095D200277A0D /* Frameworks */ = {
			isa = PBXFrameworksBuildPhase;
			buildActionMask = 2147483647;
			files = (
			);
			runOnlyForDeploymentPostprocessing = 0;
		};
/* End PBXFrameworksBuildPhase section */

/* Begin PBXGroup section */
		BBD83FED1BD095D200277A0D = {
			isa = PBXGroup;
			children = (
				BBD83FF81BD095D300277A0D /* retro-calculator */,
				BBD83FF71BD095D200277A0D /* Products */,
			);
			sourceTree = "<group>";
		};
		BBD83FF71BD095D200277A0D /* Products */ = {
			isa = PBXGroup;
			children = (
				BBD83FF61BD095D200277A0D /* retro-calculator.app */,
			);
			name = Products;
			sourceTree = "<group>";
		};
		BBD83FF81BD095D300277A0D /* retro-calculator */ = {
			isa = PBXGroup;
			children = (
				BB01958C1BD29C0B00058A56 /* Minecraft.ttf */,
				BB01958E1BD2A87A00058A56 /* btn.wav */,
				BBBDBE4D1BD5E80500D642C5 /* clear.wav */,
				BBBDBE4F1BD5E80D00D642C5 /* oper.wav */,
				BBD83FF91BD095D300277A0D /* AppDelegate.swift */,
				BBD83FFB1BD095D300277A0D /* ViewController.swift */,
				BBD83FFD1BD095D300277A0D /* Main.storyboard */,
				BBD840001BD095D300277A0D /* Assets.xcassets */,
				BBD840021BD095D300277A0D /* LaunchScreen.storyboard */,
				BBD840051BD095D300277A0D /* Info.plist */,
			);
			path = "retro-calculator";
			sourceTree = "<group>";
		};
/* End PBXGroup section */

/* Begin PBXNativeTarget section */
		BBD83FF51BD095D200277A0D /* retro-calculator */ = {
			isa = PBXNativeTarget;
			buildConfigurationList = BBD840081BD095D300277A0D /* Build configuration list for PBXNativeTarget "retro-calculator" */;
			buildPhases = (
				BBD83FF21BD095D200277A0D /* Sources */,
				BBD83FF31BD095D200277A0D /* Frameworks */,
				BBD83FF41BD095D200277A0D /* Resources */,
			);
			buildRules = (
			);
			dependencies = (
			);
			name = "retro-calculator";
			productName = "retro-calculator";
			productReference = BBD83FF61BD095D200277A0D /* retro-calculator.app */;
			productType = "com.apple.product-type.application";
		};
/* End PBXNativeTarget section */

/* Begin PBXProject section */
		BBD83FEE1BD095D200277A0D /* Project object */ = {
			isa = PBXProject;
			attributes = {
				LastUpgradeCheck = 0700;
				ORGANIZATIONNAME = LodenaApps;
				TargetAttributes = {
					BBD83FF51BD095D200277A0D = {
						CreatedOnToolsVersion = 7.0.1;
						DevelopmentTeam = QRLQDFSPK7;
					};
				};
			};
			buildConfigurationList = BBD83FF11BD095D200277A0D /* Build configuration list for PBXProject "retro-calculator" */;
			compatibilityVersion = "Xcode 3.2";
			developmentRegion = English;
			hasScannedForEncodings = 0;
			knownRegions = (
				en,
				Base,
			);
			mainGroup = BBD83FED1BD095D200277A0D;
			productRefGroup = BBD83FF71BD095D200277A0D /* Products */;
			projectDirPath = "";
			projectRoot = "";
			targets = (
				BBD83FF51BD095D200277A0D /* retro-calculator */,
			);
		};
/* End PBXProject section */

/* Begin PBXResourcesBuildPhase section */
		BBD83FF41BD095D200277A0D /* Resources */ = {
			isa = PBXResourcesBuildPhase;
			buildActionMask = 2147483647;
			files = (
				BBBDBE4E1BD5E80500D642C5 /* clear.wav in Resources */,
				BB01958F1BD2A87A00058A56 /* btn.wav in Resources */,
				BBD840041BD095D300277A0D /* LaunchScreen.storyboard in Resources */,
				BBBDBE501BD5E80D00D642C5 /* oper.wav in Resources */,
				BBD840011BD095D300277A0D /* Assets.xcassets in Resources */,
				BB01958D1BD29C0B00058A56 /* Minecraft.ttf in Resources */,
				BBD83FFF1BD095D300277A0D /* Main.storyboard in Resources */,
			);
			runOnlyForDeploymentPostprocessing = 0;
		};
/* End PBXResourcesBuildPhase section */

/* Begin PBXSourcesBuildPhase section */
		BBD83FF21BD095D200277A0D /* Sources */ = {
			isa = PBXSourcesBuildPhase;
			buildActionMask = 2147483647;
			files = (
				BBD83FFC1BD095D300277A0D /* ViewController.swift in Sources */,
				BBD83FFA1BD095D300277A0D /* AppDelegate.swift in Sources */,
			);
			runOnlyForDeploymentPostprocessing = 0;
		};
/* End PBXSourcesBuildPhase section */

/* Begin PBXVariantGroup section */
		BBD83FFD1BD095D300277A0D /* Main.storyboard */ = {
			isa = PBXVariantGroup;
			children = (
				BBD83FFE1BD095D300277A0D /* Base */,
			);
			name = Main.storyboard;
			sourceTree = "<group>";
		};
		BBD840021BD095D300277A0D /* LaunchScreen.storyboard */ = {
			isa = PBXVariantGroup;
			children = (
				BBD840031BD095D300277A0D /* Base */,
			);
			name = LaunchScreen.storyboard;
			sourceTree = "<group>";
		};
/* End PBXVariantGroup section */

/* Begin XCBuildConfiguration section */
		BBD840061BD095D300277A0D /* Debug */ = {
			isa = XCBuildConfiguration;
			buildSettings = {
				ALWAYS_SEARCH_USER_PATHS = NO;
				CLANG_CXX_LANGUAGE_STANDARD = "gnu++0x";
				CLANG_CXX_LIBRARY = "libc++";
				CLANG_ENABLE_MODULES = YES;
				CLANG_ENABLE_OBJC_ARC = YES;
				CLANG_WARN_BOOL_CONVERSION = YES;
				CLANG_WARN_CONSTANT_CONVERSION = YES;
				CLANG_WARN_DIRECT_OBJC_ISA_USAGE = YES_ERROR;
				CLANG_WARN_EMPTY_BODY = YES;
				CLANG_WARN_ENUM_CONVERSION = YES;
				CLANG_WARN_INT_CONVERSION = YES;
				CLANG_WARN_OBJC_ROOT_CLASS = YES_ERROR;
				CLANG_WARN_UNREACHABLE_CODE = YES;
				CLANG_WARN__DUPLICATE_METHOD_MATCH = YES;
				"CODE_SIGN_IDENTITY[sdk=iphoneos*]" = "iPhone Developer";
				COPY_PHASE_STRIP = NO;
				DEBUG_INFORMATION_FORMAT = dwarf;
				ENABLE_STRICT_OBJC_MSGSEND = YES;
				ENABLE_TESTABILITY = YES;
				GCC_C_LANGUAGE_STANDARD = gnu99;
				GCC_DYNAMIC_NO_PIC = NO;
				GCC_NO_COMMON_BLOCKS = YES;
				GCC_OPTIMIZATION_LEVEL = 0;
				GCC_PREPROCESSOR_DEFINITIONS = (
					"DEBUG=1",
					"$(inherited)",
				);
				GCC_WARN_64_TO_32_BIT_CONVERSION = YES;
				GCC_WARN_ABOUT_RETURN_TYPE = YES_ERROR;
				GCC_WARN_UNDECLARED_SELECTOR = YES;
				GCC_WARN_UNINITIALIZED_AUTOS = YES_AGGRESSIVE;
				GCC_WARN_UNUSED_FUNCTION = YES;
				GCC_WARN_UNUSED_VARIABLE = YES;
				IPHONEOS_DEPLOYMENT_TARGET = 9.0;
				MTL_ENABLE_DEBUG_INFO = YES;
				ONLY_ACTIVE_ARCH = YES;
				SDKROOT = iphoneos;
				SWIFT_OPTIMIZATION_LEVEL = "-Onone";
			};
			name = Debug;
		};
		BBD840071BD095D300277A0D /* Release */ = {
			isa = XCBuildConfiguration;
			buildSettings = {
				ALWAYS_SEARCH_USER_PATHS = NO;
				CLANG_CXX_LANGUAGE_STANDARD = "gnu++0x";
				CLANG_CXX_LIBRARY = "libc++";
				CLANG_ENABLE_MODULES = YES;
				CLANG_ENABLE_OBJC_ARC = YES;
				CLANG_WARN_BOOL_CONVERSION = YES;
				CLANG_WARN_CONSTANT_CONVERSION = YES;
				CLANG_WARN_DIRECT_OBJC_ISA_USAGE = YES_ERROR;
				CLANG_WARN_EMPTY_BODY = YES;
				CLANG_WARN_ENUM_CONVERSION = YES;
				CLANG_WARN_INT_CONVERSION = YES;
				CLANG_WARN_OBJC_ROOT_CLASS = YES_ERROR;
				CLANG_WARN_UNREACHABLE_CODE = YES;
				CLANG_WARN__DUPLICATE_METHOD_MATCH = YES;
				"CODE_SIGN_IDENTITY[sdk=iphoneos*]" = "iPhone Developer";
				COPY_PHASE_STRIP = NO;
				DEBUG_INFORMATION_FORMAT = "dwarf-with-dsym";
				ENABLE_NS_ASSERTIONS = NO;
				ENABLE_STRICT_OBJC_MSGSEND = YES;
				GCC_C_LANGUAGE_STANDARD = gnu99;
				GCC_NO_COMMON_BLOCKS = YES;
				GCC_WARN_64_TO_32_BIT_CONVERSION = YES;
				GCC_WARN_ABOUT_RETURN_TYPE = YES_ERROR;
				GCC_WARN_UNDECLARED_SELECTOR = YES;
				GCC_WARN_UNINITIALIZED_AUTOS = YES_AGGRESSIVE;
				GCC_WARN_UNUSED_FUNCTION = YES;
				GCC_WARN_UNUSED_VARIABLE = YES;
				IPHONEOS_DEPLOYMENT_TARGET = 9.0;
				MTL_ENABLE_DEBUG_INFO = NO;
				SDKROOT = iphoneos;
				VALIDATE_PRODUCT = YES;
			};
			name = Release;
		};
		BBD840091BD095D300277A0D /* Debug */ = {
			isa = XCBuildConfiguration;
			buildSettings = {
				ASSETCATALOG_COMPILER_APPICON_NAME = AppIcon;
				CODE_SIGN_IDENTITY = "iPhone Developer";
				"CODE_SIGN_IDENTITY[sdk=iphoneos*]" = "iPhone Developer";
				INFOPLIST_FILE = "retro-calculator/Info.plist";
				LD_RUNPATH_SEARCH_PATHS = "$(inherited) @executable_path/Frameworks";
				PRODUCT_BUNDLE_IDENTIFIER = "com.lodenaapps.retro-calculator";
				PRODUCT_NAME = "$(TARGET_NAME)";
				PROVISIONING_PROFILE = "";
			};
			name = Debug;
		};
		BBD8400A1BD095D300277A0D /* Release */ = {
			isa = XCBuildConfiguration;
			buildSettings = {
				ASSETCATALOG_COMPILER_APPICON_NAME = AppIcon;
				CODE_SIGN_IDENTITY = "iPhone Developer";
				"CODE_SIGN_IDENTITY[sdk=iphoneos*]" = "iPhone Developer";
				INFOPLIST_FILE = "retro-calculator/Info.plist";
				LD_RUNPATH_SEARCH_PATHS = "$(inherited) @executable_path/Frameworks";
				PRODUCT_BUNDLE_IDENTIFIER = "com.lodenaapps.retro-calculator";
				PRODUCT_NAME = "$(TARGET_NAME)";
				PROVISIONING_PROFILE = "";
			};
			name = Release;
		};
/* End XCBuildConfiguration section */

/* Begin XCConfigurationList section */
		BBD83FF11BD095D200277A0D /* Build configuration list for PBXProject "retro-calculator" */ = {
			isa = XCConfigurationList;
			buildConfigurations = (
				BBD840061BD095D300277A0D /* Debug */,
				BBD840071BD095D300277A0D /* Release */,
			);
			defaultConfigurationIsVisible = 0;
			defaultConfigurationName = Release;
		};
		BBD840081BD095D300277A0D /* Build configuration list for PBXNativeTarget "retro-calculator" */ = {
			isa = XCConfigurationList;
			buildConfigurations = (
				BBD840091BD095D300277A0D /* Debug */,
				BBD8400A1BD095D300277A0D /* Release */,
			);
			defaultConfigurationIsVisible = 0;
			defaultConfigurationName = Release;
		};
/* End XCConfigurationList section */
	};
	rootObject = BBD83FEE1BD095D200277A0D /* Project object */;
}
